// !$*UTF8*$!
{
	archiveVersion = 1;
	classes = {
	};
	objectVersion = 56;
	objects = {

/* Begin PBXBuildFile section */
		55A72CC12B97653400DA628A /* TabMicro in Frameworks */ = {isa = PBXBuildFile; productRef = 55A72CC02B97653400DA628A /* TabMicro */; };
		55BFD0582B975FB9003CADC0 /* SimplePackageNavigationApp.swift in Sources */ = {isa = PBXBuildFile; fileRef = 55BFD0572B975FB9003CADC0 /* SimplePackageNavigationApp.swift */; };
		55BFD05C2B975FBA003CADC0 /* Assets.xcassets in Resources */ = {isa = PBXBuildFile; fileRef = 55BFD05B2B975FBA003CADC0 /* Assets.xcassets */; };
		55BFD0602B975FBA003CADC0 /* Preview Assets.xcassets in Resources */ = {isa = PBXBuildFile; fileRef = 55BFD05F2B975FBA003CADC0 /* Preview Assets.xcassets */; };
		55BFD06A2B975FBA003CADC0 /* SimplePackageNavigationTests.swift in Sources */ = {isa = PBXBuildFile; fileRef = 55BFD0692B975FBA003CADC0 /* SimplePackageNavigationTests.swift */; };
		55BFD0742B975FBA003CADC0 /* SimplePackageNavigationUITests.swift in Sources */ = {isa = PBXBuildFile; fileRef = 55BFD0732B975FBA003CADC0 /* SimplePackageNavigationUITests.swift */; };
		55BFD0762B975FBA003CADC0 /* SimplePackageNavigationUITestsLaunchTests.swift in Sources */ = {isa = PBXBuildFile; fileRef = 55BFD0752B975FBA003CADC0 /* SimplePackageNavigationUITestsLaunchTests.swift */; };
/* End PBXBuildFile section */

/* Begin PBXContainerItemProxy section */
		55BFD0662B975FBA003CADC0 /* PBXContainerItemProxy */ = {
			isa = PBXContainerItemProxy;
			containerPortal = 55BFD04C2B975FB9003CADC0 /* Project object */;
			proxyType = 1;
			remoteGlobalIDString = 55BFD0532B975FB9003CADC0;
			remoteInfo = SimplePackageNavigation;
		};
		55BFD0702B975FBA003CADC0 /* PBXContainerItemProxy */ = {
			isa = PBXContainerItemProxy;
			containerPortal = 55BFD04C2B975FB9003CADC0 /* Project object */;
			proxyType = 1;
			remoteGlobalIDString = 55BFD0532B975FB9003CADC0;
			remoteInfo = SimplePackageNavigation;
		};
/* End PBXContainerItemProxy section */

/* Begin PBXFileReference section */
		55A72CBE2B97644600DA628A /* TabMicro */ = {isa = PBXFileReference; lastKnownFileType = wrapper; path = TabMicro; sourceTree = "<group>"; };
		55A72CC22B97662100DA628A /* MicroApp1 */ = {isa = PBXFileReference; lastKnownFileType = wrapper; path = MicroApp1; sourceTree = "<group>"; };
		55A72CC32B97694300DA628A /* Navigation */ = {isa = PBXFileReference; lastKnownFileType = wrapper; path = Navigation; sourceTree = "<group>"; };
		55A72CC42B976ECF00DA628A /* CommonUI */ = {isa = PBXFileReference; lastKnownFileType = wrapper; path = CommonUI; sourceTree = "<group>"; };
		55A72CC52B977FE800DA628A /* MicroApp2 */ = {isa = PBXFileReference; lastKnownFileType = wrapper; path = MicroApp2; sourceTree = "<group>"; };
		55BFD0542B975FB9003CADC0 /* SimplePackageNavigation.app */ = {isa = PBXFileReference; explicitFileType = wrapper.application; includeInIndex = 0; path = SimplePackageNavigation.app; sourceTree = BUILT_PRODUCTS_DIR; };
		55BFD0572B975FB9003CADC0 /* SimplePackageNavigationApp.swift */ = {isa = PBXFileReference; lastKnownFileType = sourcecode.swift; path = SimplePackageNavigationApp.swift; sourceTree = "<group>"; };
		55BFD05B2B975FBA003CADC0 /* Assets.xcassets */ = {isa = PBXFileReference; lastKnownFileType = folder.assetcatalog; path = Assets.xcassets; sourceTree = "<group>"; };
		55BFD05D2B975FBA003CADC0 /* SimplePackageNavigation.entitlements */ = {isa = PBXFileReference; lastKnownFileType = text.plist.entitlements; path = SimplePackageNavigation.entitlements; sourceTree = "<group>"; };
		55BFD05F2B975FBA003CADC0 /* Preview Assets.xcassets */ = {isa = PBXFileReference; lastKnownFileType = folder.assetcatalog; path = "Preview Assets.xcassets"; sourceTree = "<group>"; };
		55BFD0652B975FBA003CADC0 /* SimplePackageNavigationTests.xctest */ = {isa = PBXFileReference; explicitFileType = wrapper.cfbundle; includeInIndex = 0; path = SimplePackageNavigationTests.xctest; sourceTree = BUILT_PRODUCTS_DIR; };
		55BFD0692B975FBA003CADC0 /* SimplePackageNavigationTests.swift */ = {isa = PBXFileReference; lastKnownFileType = sourcecode.swift; path = SimplePackageNavigationTests.swift; sourceTree = "<group>"; };
		55BFD06F2B975FBA003CADC0 /* SimplePackageNavigationUITests.xctest */ = {isa = PBXFileReference; explicitFileType = wrapper.cfbundle; includeInIndex = 0; path = SimplePackageNavigationUITests.xctest; sourceTree = BUILT_PRODUCTS_DIR; };
		55BFD0732B975FBA003CADC0 /* SimplePackageNavigationUITests.swift */ = {isa = PBXFileReference; lastKnownFileType = sourcecode.swift; path = SimplePackageNavigationUITests.swift; sourceTree = "<group>"; };
		55BFD0752B975FBA003CADC0 /* SimplePackageNavigationUITestsLaunchTests.swift */ = {isa = PBXFileReference; lastKnownFileType = sourcecode.swift; path = SimplePackageNavigationUITestsLaunchTests.swift; sourceTree = "<group>"; };
/* End PBXFileReference section */

/* Begin PBXFrameworksBuildPhase section */
		55BFD0512B975FB9003CADC0 /* Frameworks */ = {
			isa = PBXFrameworksBuildPhase;
			buildActionMask = 2147483647;
			files = (
				55A72CC12B97653400DA628A /* TabMicro in Frameworks */,
			);
			runOnlyForDeploymentPostprocessing = 0;
		};
		55BFD0622B975FBA003CADC0 /* Frameworks */ = {
			isa = PBXFrameworksBuildPhase;
			buildActionMask = 2147483647;
			files = (
			);
			runOnlyForDeploymentPostprocessing = 0;
		};
		55BFD06C2B975FBA003CADC0 /* Frameworks */ = {
			isa = PBXFrameworksBuildPhase;
			buildActionMask = 2147483647;
			files = (
			);
			runOnlyForDeploymentPostprocessing = 0;
		};
/* End PBXFrameworksBuildPhase section */

/* Begin PBXGroup section */
		55A72CBC2B9763F400DA628A /* Utilities */ = {
			isa = PBXGroup;
			children = (
				55A72CC42B976ECF00DA628A /* CommonUI */,
				55A72CC32B97694300DA628A /* Navigation */,
			);
			path = Utilities;
			sourceTree = "<group>";
		};
		55A72CBD2B97640800DA628A /* Modules */ = {
			isa = PBXGroup;
			children = (
				55A72CC52B977FE800DA628A /* MicroApp2 */,
				55A72CC22B97662100DA628A /* MicroApp1 */,
				55A72CBE2B97644600DA628A /* TabMicro */,
			);
			path = Modules;
			sourceTree = "<group>";
		};
		55A72CBF2B97653400DA628A /* Frameworks */ = {
			isa = PBXGroup;
			children = (
			);
			name = Frameworks;
			sourceTree = "<group>";
		};
		55BFD04B2B975FB9003CADC0 = {
			isa = PBXGroup;
			children = (
				55BFD0562B975FB9003CADC0 /* SimplePackageNavigation */,
				55BFD0682B975FBA003CADC0 /* SimplePackageNavigationTests */,
				55BFD0722B975FBA003CADC0 /* SimplePackageNavigationUITests */,
				55BFD0552B975FB9003CADC0 /* Products */,
				55A72CBF2B97653400DA628A /* Frameworks */,
			);
			sourceTree = "<group>";
		};
		55BFD0552B975FB9003CADC0 /* Products */ = {
			isa = PBXGroup;
			children = (
				55BFD0542B975FB9003CADC0 /* SimplePackageNavigation.app */,
				55BFD0652B975FBA003CADC0 /* SimplePackageNavigationTests.xctest */,
				55BFD06F2B975FBA003CADC0 /* SimplePackageNavigationUITests.xctest */,
			);
			name = Products;
			sourceTree = "<group>";
		};
		55BFD0562B975FB9003CADC0 /* SimplePackageNavigation */ = {
			isa = PBXGroup;
			children = (
				55A72CBD2B97640800DA628A /* Modules */,
				55A72CBC2B9763F400DA628A /* Utilities */,
				55BFD0572B975FB9003CADC0 /* SimplePackageNavigationApp.swift */,
				55BFD05B2B975FBA003CADC0 /* Assets.xcassets */,
				55BFD05D2B975FBA003CADC0 /* SimplePackageNavigation.entitlements */,
				55BFD05E2B975FBA003CADC0 /* Preview Content */,
			);
			path = SimplePackageNavigation;
			sourceTree = "<group>";
		};
		55BFD05E2B975FBA003CADC0 /* Preview Content */ = {
			isa = PBXGroup;
			children = (
				55BFD05F2B975FBA003CADC0 /* Preview Assets.xcassets */,
			);
			path = "Preview Content";
			sourceTree = "<group>";
		};
		55BFD0682B975FBA003CADC0 /* SimplePackageNavigationTests */ = {
			isa = PBXGroup;
			children = (
				55BFD0692B975FBA003CADC0 /* SimplePackageNavigationTests.swift */,
			);
			path = SimplePackageNavigationTests;
			sourceTree = "<group>";
		};
		55BFD0722B975FBA003CADC0 /* SimplePackageNavigationUITests */ = {
			isa = PBXGroup;
			children = (
				55BFD0732B975FBA003CADC0 /* SimplePackageNavigationUITests.swift */,
				55BFD0752B975FBA003CADC0 /* SimplePackageNavigationUITestsLaunchTests.swift */,
			);
			path = SimplePackageNavigationUITests;
			sourceTree = "<group>";
		};
/* End PBXGroup section */

/* Begin PBXNativeTarget section */
		55BFD0532B975FB9003CADC0 /* SimplePackageNavigation */ = {
			isa = PBXNativeTarget;
			buildConfigurationList = 55BFD0792B975FBA003CADC0 /* Build configuration list for PBXNativeTarget "SimplePackageNavigation" */;
			buildPhases = (
				55BFD0502B975FB9003CADC0 /* Sources */,
				55BFD0512B975FB9003CADC0 /* Frameworks */,
				55BFD0522B975FB9003CADC0 /* Resources */,
			);
			buildRules = (
			);
			dependencies = (
			);
			name = SimplePackageNavigation;
			packageProductDependencies = (
				55A72CC02B97653400DA628A /* TabMicro */,
			);
			productName = SimplePackageNavigation;
			productReference = 55BFD0542B975FB9003CADC0 /* SimplePackageNavigation.app */;
			productType = "com.apple.product-type.application";
		};
		55BFD0642B975FBA003CADC0 /* SimplePackageNavigationTests */ = {
			isa = PBXNativeTarget;
			buildConfigurationList = 55BFD07C2B975FBA003CADC0 /* Build configuration list for PBXNativeTarget "SimplePackageNavigationTests" */;
			buildPhases = (
				55BFD0612B975FBA003CADC0 /* Sources */,
				55BFD0622B975FBA003CADC0 /* Frameworks */,
				55BFD0632B975FBA003CADC0 /* Resources */,
			);
			buildRules = (
			);
			dependencies = (
				55BFD0672B975FBA003CADC0 /* PBXTargetDependency */,
			);
			name = SimplePackageNavigationTests;
			productName = SimplePackageNavigationTests;
			productReference = 55BFD0652B975FBA003CADC0 /* SimplePackageNavigationTests.xctest */;
			productType = "com.apple.product-type.bundle.unit-test";
		};
		55BFD06E2B975FBA003CADC0 /* SimplePackageNavigationUITests */ = {
			isa = PBXNativeTarget;
			buildConfigurationList = 55BFD07F2B975FBA003CADC0 /* Build configuration list for PBXNativeTarget "SimplePackageNavigationUITests" */;
			buildPhases = (
				55BFD06B2B975FBA003CADC0 /* Sources */,
				55BFD06C2B975FBA003CADC0 /* Frameworks */,
				55BFD06D2B975FBA003CADC0 /* Resources */,
			);
			buildRules = (
			);
			dependencies = (
				55BFD0712B975FBA003CADC0 /* PBXTargetDependency */,
			);
			name = SimplePackageNavigationUITests;
			productName = SimplePackageNavigationUITests;
			productReference = 55BFD06F2B975FBA003CADC0 /* SimplePackageNavigationUITests.xctest */;
			productType = "com.apple.product-type.bundle.ui-testing";
		};
/* End PBXNativeTarget section */

/* Begin PBXProject section */
		55BFD04C2B975FB9003CADC0 /* Project object */ = {
			isa = PBXProject;
			attributes = {
				BuildIndependentTargetsInParallel = 1;
				LastSwiftUpdateCheck = 1500;
				LastUpgradeCheck = 1500;
				TargetAttributes = {
					55BFD0532B975FB9003CADC0 = {
						CreatedOnToolsVersion = 15.0;
					};
					55BFD0642B975FBA003CADC0 = {
						CreatedOnToolsVersion = 15.0;
						TestTargetID = 55BFD0532B975FB9003CADC0;
					};
					55BFD06E2B975FBA003CADC0 = {
						CreatedOnToolsVersion = 15.0;
						TestTargetID = 55BFD0532B975FB9003CADC0;
					};
				};
			};
			buildConfigurationList = 55BFD04F2B975FB9003CADC0 /* Build configuration list for PBXProject "SimplePackageNavigation" */;
			compatibilityVersion = "Xcode 14.0";
			developmentRegion = en;
			hasScannedForEncodings = 0;
			knownRegions = (
				en,
				Base,
			);
			mainGroup = 55BFD04B2B975FB9003CADC0;
			productRefGroup = 55BFD0552B975FB9003CADC0 /* Products */;
			projectDirPath = "";
			projectRoot = "";
			targets = (
				55BFD0532B975FB9003CADC0 /* SimplePackageNavigation */,
				55BFD0642B975FBA003CADC0 /* SimplePackageNavigationTests */,
				55BFD06E2B975FBA003CADC0 /* SimplePackageNavigationUITests */,
			);
		};
/* End PBXProject section */

/* Begin PBXResourcesBuildPhase section */
		55BFD0522B975FB9003CADC0 /* Resources */ = {
			isa = PBXResourcesBuildPhase;
			buildActionMask = 2147483647;
			files = (
				55BFD0602B975FBA003CADC0 /* Preview Assets.xcassets in Resources */,
				55BFD05C2B975FBA003CADC0 /* Assets.xcassets in Resources */,
			);
			runOnlyForDeploymentPostprocessing = 0;
		};
		55BFD0632B975FBA003CADC0 /* Resources */ = {
			isa = PBXResourcesBuildPhase;
			buildActionMask = 2147483647;
			files = (
			);
			runOnlyForDeploymentPostprocessing = 0;
		};
		55BFD06D2B975FBA003CADC0 /* Resources */ = {
			isa = PBXResourcesBuildPhase;
			buildActionMask = 2147483647;
			files = (
			);
			runOnlyForDeploymentPostprocessing = 0;
		};
/* End PBXResourcesBuildPhase section */

/* Begin PBXSourcesBuildPhase section */
		55BFD0502B975FB9003CADC0 /* Sources */ = {
			isa = PBXSourcesBuildPhase;
			buildActionMask = 2147483647;
			files = (
				55BFD0582B975FB9003CADC0 /* SimplePackageNavigationApp.swift in Sources */,
			);
			runOnlyForDeploymentPostprocessing = 0;
		};
		55BFD0612B975FBA003CADC0 /* Sources */ = {
			isa = PBXSourcesBuildPhase;
			buildActionMask = 2147483647;
			files = (
				55BFD06A2B975FBA003CADC0 /* SimplePackageNavigationTests.swift in Sources */,
			);
			runOnlyForDeploymentPostprocessing = 0;
		};
		55BFD06B2B975FBA003CADC0 /* Sources */ = {
			isa = PBXSourcesBuildPhase;
			buildActionMask = 2147483647;
			files = (
				55BFD0742B975FBA003CADC0 /* SimplePackageNavigationUITests.swift in Sources */,
				55BFD0762B975FBA003CADC0 /* SimplePackageNavigationUITestsLaunchTests.swift in Sources */,
			);
			runOnlyForDeploymentPostprocessing = 0;
		};
/* End PBXSourcesBuildPhase section */

/* Begin PBXTargetDependency section */
		55BFD0672B975FBA003CADC0 /* PBXTargetDependency */ = {
			isa = PBXTargetDependency;
			target = 55BFD0532B975FB9003CADC0 /* SimplePackageNavigation */;
			targetProxy = 55BFD0662B975FBA003CADC0 /* PBXContainerItemProxy */;
		};
		55BFD0712B975FBA003CADC0 /* PBXTargetDependency */ = {
			isa = PBXTargetDependency;
			target = 55BFD0532B975FB9003CADC0 /* SimplePackageNavigation */;
			targetProxy = 55BFD0702B975FBA003CADC0 /* PBXContainerItemProxy */;
		};
/* End PBXTargetDependency section */

/* Begin XCBuildConfiguration section */
		55BFD0772B975FBA003CADC0 /* Debug */ = {
			isa = XCBuildConfiguration;
			buildSettings = {
				ALWAYS_SEARCH_USER_PATHS = NO;
				ASSETCATALOG_COMPILER_GENERATE_SWIFT_ASSET_SYMBOL_EXTENSIONS = YES;
				CLANG_ANALYZER_NONNULL = YES;
				CLANG_ANALYZER_NUMBER_OBJECT_CONVERSION = YES_AGGRESSIVE;
				CLANG_CXX_LANGUAGE_STANDARD = "gnu++20";
				CLANG_ENABLE_MODULES = YES;
				CLANG_ENABLE_OBJC_ARC = YES;
				CLANG_ENABLE_OBJC_WEAK = YES;
				CLANG_WARN_BLOCK_CAPTURE_AUTORELEASING = YES;
				CLANG_WARN_BOOL_CONVERSION = YES;
				CLANG_WARN_COMMA = YES;
				CLANG_WARN_CONSTANT_CONVERSION = YES;
				CLANG_WARN_DEPRECATED_OBJC_IMPLEMENTATIONS = YES;
				CLANG_WARN_DIRECT_OBJC_ISA_USAGE = YES_ERROR;
				CLANG_WARN_DOCUMENTATION_COMMENTS = YES;
				CLANG_WARN_EMPTY_BODY = YES;
				CLANG_WARN_ENUM_CONVERSION = YES;
				CLANG_WARN_INFINITE_RECURSION = YES;
				CLANG_WARN_INT_CONVERSION = YES;
				CLANG_WARN_NON_LITERAL_NULL_CONVERSION = YES;
				CLANG_WARN_OBJC_IMPLICIT_RETAIN_SELF = YES;
				CLANG_WARN_OBJC_LITERAL_CONVERSION = YES;
				CLANG_WARN_OBJC_ROOT_CLASS = YES_ERROR;
				CLANG_WARN_QUOTED_INCLUDE_IN_FRAMEWORK_HEADER = YES;
				CLANG_WARN_RANGE_LOOP_ANALYSIS = YES;
				CLANG_WARN_STRICT_PROTOTYPES = YES;
				CLANG_WARN_SUSPICIOUS_MOVE = YES;
				CLANG_WARN_UNGUARDED_AVAILABILITY = YES_AGGRESSIVE;
				CLANG_WARN_UNREACHABLE_CODE = YES;
				CLANG_WARN__DUPLICATE_METHOD_MATCH = YES;
				COPY_PHASE_STRIP = NO;
				DEBUG_INFORMATION_FORMAT = dwarf;
				ENABLE_STRICT_OBJC_MSGSEND = YES;
				ENABLE_TESTABILITY = YES;
				ENABLE_USER_SCRIPT_SANDBOXING = YES;
				GCC_C_LANGUAGE_STANDARD = gnu17;
				GCC_DYNAMIC_NO_PIC = NO;
				GCC_NO_COMMON_BLOCKS = YES;
				GCC_OPTIMIZATION_LEVEL = 0;
				GCC_PREPROCESSOR_DEFINITIONS = (
					"DEBUG=1",
					"$(inherited)",
				);
				GCC_WARN_64_TO_32_BIT_CONVERSION = YES;
				GCC_WARN_ABOUT_RETURN_TYPE = YES_ERROR;
				GCC_WARN_UNDECLARED_SELECTOR = YES;
				GCC_WARN_UNINITIALIZED_AUTOS = YES_AGGRESSIVE;
				GCC_WARN_UNUSED_FUNCTION = YES;
				GCC_WARN_UNUSED_VARIABLE = YES;
				LOCALIZATION_PREFERS_STRING_CATALOGS = YES;
				MTL_ENABLE_DEBUG_INFO = INCLUDE_SOURCE;
				MTL_FAST_MATH = YES;
				ONLY_ACTIVE_ARCH = YES;
				SWIFT_ACTIVE_COMPILATION_CONDITIONS = "DEBUG $(inherited)";
				SWIFT_OPTIMIZATION_LEVEL = "-Onone";
			};
			name = Debug;
		};
		55BFD0782B975FBA003CADC0 /* Release */ = {
			isa = XCBuildConfiguration;
			buildSettings = {
				ALWAYS_SEARCH_USER_PATHS = NO;
				ASSETCATALOG_COMPILER_GENERATE_SWIFT_ASSET_SYMBOL_EXTENSIONS = YES;
				CLANG_ANALYZER_NONNULL = YES;
				CLANG_ANALYZER_NUMBER_OBJECT_CONVERSION = YES_AGGRESSIVE;
				CLANG_CXX_LANGUAGE_STANDARD = "gnu++20";
				CLANG_ENABLE_MODULES = YES;
				CLANG_ENABLE_OBJC_ARC = YES;
				CLANG_ENABLE_OBJC_WEAK = YES;
				CLANG_WARN_BLOCK_CAPTURE_AUTORELEASING = YES;
				CLANG_WARN_BOOL_CONVERSION = YES;
				CLANG_WARN_COMMA = YES;
				CLANG_WARN_CONSTANT_CONVERSION = YES;
				CLANG_WARN_DEPRECATED_OBJC_IMPLEMENTATIONS = YES;
				CLANG_WARN_DIRECT_OBJC_ISA_USAGE = YES_ERROR;
				CLANG_WARN_DOCUMENTATION_COMMENTS = YES;
				CLANG_WARN_EMPTY_BODY = YES;
				CLANG_WARN_ENUM_CONVERSION = YES;
				CLANG_WARN_INFINITE_RECURSION = YES;
				CLANG_WARN_INT_CONVERSION = YES;
				CLANG_WARN_NON_LITERAL_NULL_CONVERSION = YES;
				CLANG_WARN_OBJC_IMPLICIT_RETAIN_SELF = YES;
				CLANG_WARN_OBJC_LITERAL_CONVERSION = YES;
				CLANG_WARN_OBJC_ROOT_CLASS = YES_ERROR;
				CLANG_WARN_QUOTED_INCLUDE_IN_FRAMEWORK_HEADER = YES;
				CLANG_WARN_RANGE_LOOP_ANALYSIS = YES;
				CLANG_WARN_STRICT_PROTOTYPES = YES;
				CLANG_WARN_SUSPICIOUS_MOVE = YES;
				CLANG_WARN_UNGUARDED_AVAILABILITY = YES_AGGRESSIVE;
				CLANG_WARN_UNREACHABLE_CODE = YES;
				CLANG_WARN__DUPLICATE_METHOD_MATCH = YES;
				COPY_PHASE_STRIP = NO;
				DEBUG_INFORMATION_FORMAT = "dwarf-with-dsym";
				ENABLE_NS_ASSERTIONS = NO;
				ENABLE_STRICT_OBJC_MSGSEND = YES;
				ENABLE_USER_SCRIPT_SANDBOXING = YES;
				GCC_C_LANGUAGE_STANDARD = gnu17;
				GCC_NO_COMMON_BLOCKS = YES;
				GCC_WARN_64_TO_32_BIT_CONVERSION = YES;
				GCC_WARN_ABOUT_RETURN_TYPE = YES_ERROR;
				GCC_WARN_UNDECLARED_SELECTOR = YES;
				GCC_WARN_UNINITIALIZED_AUTOS = YES_AGGRESSIVE;
				GCC_WARN_UNUSED_FUNCTION = YES;
				GCC_WARN_UNUSED_VARIABLE = YES;
				LOCALIZATION_PREFERS_STRING_CATALOGS = YES;
				MTL_ENABLE_DEBUG_INFO = NO;
				MTL_FAST_MATH = YES;
				SWIFT_COMPILATION_MODE = wholemodule;
			};
			name = Release;
		};
		55BFD07A2B975FBA003CADC0 /* Debug */ = {
			isa = XCBuildConfiguration;
			buildSettings = {
				ASSETCATALOG_COMPILER_APPICON_NAME = AppIcon;
				ASSETCATALOG_COMPILER_GLOBAL_ACCENT_COLOR_NAME = AccentColor;
				CODE_SIGN_ENTITLEMENTS = SimplePackageNavigation/SimplePackageNavigation.entitlements;
				CODE_SIGN_STYLE = Automatic;
				CURRENT_PROJECT_VERSION = 1;
				DEVELOPMENT_ASSET_PATHS = "\"SimplePackageNavigation/Preview Content\"";
				ENABLE_PREVIEWS = YES;
				GENERATE_INFOPLIST_FILE = YES;
				"INFOPLIST_KEY_UIApplicationSceneManifest_Generation[sdk=iphoneos*]" = YES;
				"INFOPLIST_KEY_UIApplicationSceneManifest_Generation[sdk=iphonesimulator*]" = YES;
				"INFOPLIST_KEY_UIApplicationSupportsIndirectInputEvents[sdk=iphoneos*]" = YES;
				"INFOPLIST_KEY_UIApplicationSupportsIndirectInputEvents[sdk=iphonesimulator*]" = YES;
				"INFOPLIST_KEY_UILaunchScreen_Generation[sdk=iphoneos*]" = YES;
				"INFOPLIST_KEY_UILaunchScreen_Generation[sdk=iphonesimulator*]" = YES;
				"INFOPLIST_KEY_UIStatusBarStyle[sdk=iphoneos*]" = UIStatusBarStyleDefault;
				"INFOPLIST_KEY_UIStatusBarStyle[sdk=iphonesimulator*]" = UIStatusBarStyleDefault;
				INFOPLIST_KEY_UISupportedInterfaceOrientations_iPad = "UIInterfaceOrientationPortrait UIInterfaceOrientationPortraitUpsideDown UIInterfaceOrientationLandscapeLeft UIInterfaceOrientationLandscapeRight";
				INFOPLIST_KEY_UISupportedInterfaceOrientations_iPhone = "UIInterfaceOrientationPortrait UIInterfaceOrientationLandscapeLeft UIInterfaceOrientationLandscapeRight";
				IPHONEOS_DEPLOYMENT_TARGET = 17.0;
				LD_RUNPATH_SEARCH_PATHS = "@executable_path/Frameworks";
				"LD_RUNPATH_SEARCH_PATHS[sdk=macosx*]" = "@executable_path/../Frameworks";
				MACOSX_DEPLOYMENT_TARGET = 13.5;
				MARKETING_VERSION = 1.0;
				PRODUCT_BUNDLE_IDENTIFIER = com.movieappmicro.SimplePackageNavigation;
				PRODUCT_NAME = "$(TARGET_NAME)";
				SDKROOT = auto;
				SUPPORTED_PLATFORMS = "iphoneos iphonesimulator macosx";
				SWIFT_EMIT_LOC_STRINGS = YES;
				SWIFT_VERSION = 5.0;
				TARGETED_DEVICE_FAMILY = "1,2";
			};
			name = Debug;
		};
		55BFD07B2B975FBA003CADC0 /* Release */ = {
			isa = XCBuildConfiguration;
			buildSettings = {
				ASSETCATALOG_COMPILER_APPICON_NAME = AppIcon;
				ASSETCATALOG_COMPILER_GLOBAL_ACCENT_COLOR_NAME = AccentColor;
				CODE_SIGN_ENTITLEMENTS = SimplePackageNavigation/SimplePackageNavigation.entitlements;
				CODE_SIGN_STYLE = Automatic;
				CURRENT_PROJECT_VERSION = 1;
				DEVELOPMENT_ASSET_PATHS = "\"SimplePackageNavigation/Preview Content\"";
				ENABLE_PREVIEWS = YES;
				GENERATE_INFOPLIST_FILE = YES;
				"INFOPLIST_KEY_UIApplicationSceneManifest_Generation[sdk=iphoneos*]" = YES;
				"INFOPLIST_KEY_UIApplicationSceneManifest_Generation[sdk=iphonesimulator*]" = YES;
				"INFOPLIST_KEY_UIApplicationSupportsIndirectInputEvents[sdk=iphoneos*]" = YES;
				"INFOPLIST_KEY_UIApplicationSupportsIndirectInputEvents[sdk=iphonesimulator*]" = YES;
				"INFOPLIST_KEY_UILaunchScreen_Generation[sdk=iphoneos*]" = YES;
				"INFOPLIST_KEY_UILaunchScreen_Generation[sdk=iphonesimulator*]" = YES;
				"INFOPLIST_KEY_UIStatusBarStyle[sdk=iphoneos*]" = UIStatusBarStyleDefault;
				"INFOPLIST_KEY_UIStatusBarStyle[sdk=iphonesimulator*]" = UIStatusBarStyleDefault;
				INFOPLIST_KEY_UISupportedInterfaceOrientations_iPad = "UIInterfaceOrientationPortrait UIInterfaceOrientationPortraitUpsideDown UIInterfaceOrientationLandscapeLeft UIInterfaceOrientationLandscapeRight";
				INFOPLIST_KEY_UISupportedInterfaceOrientations_iPhone = "UIInterfaceOrientationPortrait UIInterfaceOrientationLandscapeLeft UIInterfaceOrientationLandscapeRight";
				IPHONEOS_DEPLOYMENT_TARGET = 17.0;
				LD_RUNPATH_SEARCH_PATHS = "@executable_path/Frameworks";
				"LD_RUNPATH_SEARCH_PATHS[sdk=macosx*]" = "@executable_path/../Frameworks";
				MACOSX_DEPLOYMENT_TARGET = 13.5;
				MARKETING_VERSION = 1.0;
				PRODUCT_BUNDLE_IDENTIFIER = com.movieappmicro.SimplePackageNavigation;
				PRODUCT_NAME = "$(TARGET_NAME)";
				SDKROOT = auto;
				SUPPORTED_PLATFORMS = "iphoneos iphonesimulator macosx";
				SWIFT_EMIT_LOC_STRINGS = YES;
				SWIFT_VERSION = 5.0;
				TARGETED_DEVICE_FAMILY = "1,2";
			};
			name = Release;
		};
		55BFD07D2B975FBA003CADC0 /* Debug */ = {
			isa = XCBuildConfiguration;
			buildSettings = {
				ALWAYS_EMBED_SWIFT_STANDARD_LIBRARIES = YES;
				BUNDLE_LOADER = "$(TEST_HOST)";
				CODE_SIGN_STYLE = Automatic;
				CURRENT_PROJECT_VERSION = 1;
				GENERATE_INFOPLIST_FILE = YES;
				IPHONEOS_DEPLOYMENT_TARGET = 17.0;
				MACOSX_DEPLOYMENT_TARGET = 13.5;
				MARKETING_VERSION = 1.0;
				PRODUCT_BUNDLE_IDENTIFIER = com.movieappmicro.SimplePackageNavigationTests;
				PRODUCT_NAME = "$(TARGET_NAME)";
				SDKROOT = auto;
				SUPPORTED_PLATFORMS = "iphoneos iphonesimulator macosx";
				SWIFT_EMIT_LOC_STRINGS = NO;
				SWIFT_VERSION = 5.0;
				TARGETED_DEVICE_FAMILY = "1,2";
				TEST_HOST = "$(BUILT_PRODUCTS_DIR)/SimplePackageNavigation.app/$(BUNDLE_EXECUTABLE_FOLDER_PATH)/SimplePackageNavigation";
			};
			name = Debug;
		};
		55BFD07E2B975FBA003CADC0 /* Release */ = {
			isa = XCBuildConfiguration;
			buildSettings = {
				ALWAYS_EMBED_SWIFT_STANDARD_LIBRARIES = YES;
				BUNDLE_LOADER = "$(TEST_HOST)";
				CODE_SIGN_STYLE = Automatic;
				CURRENT_PROJECT_VERSION = 1;
				GENERATE_INFOPLIST_FILE = YES;
				IPHONEOS_DEPLOYMENT_TARGET = 17.0;
				MACOSX_DEPLOYMENT_TARGET = 13.5;
				MARKETING_VERSION = 1.0;
				PRODUCT_BUNDLE_IDENTIFIER = com.movieappmicro.SimplePackageNavigationTests;
				PRODUCT_NAME = "$(TARGET_NAME)";
				SDKROOT = auto;
				SUPPORTED_PLATFORMS = "iphoneos iphonesimulator macosx";
				SWIFT_EMIT_LOC_STRINGS = NO;
				SWIFT_VERSION = 5.0;
				TARGETED_DEVICE_FAMILY = "1,2";
				TEST_HOST = "$(BUILT_PRODUCTS_DIR)/SimplePackageNavigation.app/$(BUNDLE_EXECUTABLE_FOLDER_PATH)/SimplePackageNavigation";
			};
			name = Release;
		};
		55BFD0802B975FBA003CADC0 /* Debug */ = {
			isa = XCBuildConfiguration;
			buildSettings = {
				ALWAYS_EMBED_SWIFT_STANDARD_LIBRARIES = YES;
				CODE_SIGN_STYLE = Automatic;
				CURRENT_PROJECT_VERSION = 1;
				GENERATE_INFOPLIST_FILE = YES;
				IPHONEOS_DEPLOYMENT_TARGET = 17.0;
				MACOSX_DEPLOYMENT_TARGET = 13.5;
				MARKETING_VERSION = 1.0;
				PRODUCT_BUNDLE_IDENTIFIER = com.movieappmicro.SimplePackageNavigationUITests;
				PRODUCT_NAME = "$(TARGET_NAME)";
				SDKROOT = auto;
				SUPPORTED_PLATFORMS = "iphoneos iphonesimulator macosx";
				SWIFT_EMIT_LOC_STRINGS = NO;
				SWIFT_VERSION = 5.0;
				TARGETED_DEVICE_FAMILY = "1,2";
				TEST_TARGET_NAME = SimplePackageNavigation;
			};
			name = Debug;
		};
		55BFD0812B975FBA003CADC0 /* Release */ = {
			isa = XCBuildConfiguration;
			buildSettings = {
				ALWAYS_EMBED_SWIFT_STANDARD_LIBRARIES = YES;
				CODE_SIGN_STYLE = Automatic;
				CURRENT_PROJECT_VERSION = 1;
				GENERATE_INFOPLIST_FILE = YES;
				IPHONEOS_DEPLOYMENT_TARGET = 17.0;
				MACOSX_DEPLOYMENT_TARGET = 13.5;
				MARKETING_VERSION = 1.0;
				PRODUCT_BUNDLE_IDENTIFIER = com.movieappmicro.SimplePackageNavigationUITests;
				PRODUCT_NAME = "$(TARGET_NAME)";
				SDKROOT = auto;
				SUPPORTED_PLATFORMS = "iphoneos iphonesimulator macosx";
				SWIFT_EMIT_LOC_STRINGS = NO;
				SWIFT_VERSION = 5.0;
				TARGETED_DEVICE_FAMILY = "1,2";
				TEST_TARGET_NAME = SimplePackageNavigation;
			};
			name = Release;
		};
/* End XCBuildConfiguration section */

/* Begin XCConfigurationList section */
		55BFD04F2B975FB9003CADC0 /* Build configuration list for PBXProject "SimplePackageNavigation" */ = {
			isa = XCConfigurationList;
			buildConfigurations = (
				55BFD0772B975FBA003CADC0 /* Debug */,
				55BFD0782B975FBA003CADC0 /* Release */,
			);
			defaultConfigurationIsVisible = 0;
			defaultConfigurationName = Release;
		};
		55BFD0792B975FBA003CADC0 /* Build configuration list for PBXNativeTarget "SimplePackageNavigation" */ = {
			isa = XCConfigurationList;
			buildConfigurations = (
				55BFD07A2B975FBA003CADC0 /* Debug */,
				55BFD07B2B975FBA003CADC0 /* Release */,
			);
			defaultConfigurationIsVisible = 0;
			defaultConfigurationName = Release;
		};
		55BFD07C2B975FBA003CADC0 /* Build configuration list for PBXNativeTarget "SimplePackageNavigationTests" */ = {
			isa = XCConfigurationList;
			buildConfigurations = (
				55BFD07D2B975FBA003CADC0 /* Debug */,
				55BFD07E2B975FBA003CADC0 /* Release */,
			);
			defaultConfigurationIsVisible = 0;
			defaultConfigurationName = Release;
		};
		55BFD07F2B975FBA003CADC0 /* Build configuration list for PBXNativeTarget "SimplePackageNavigationUITests" */ = {
			isa = XCConfigurationList;
			buildConfigurations = (
				55BFD0802B975FBA003CADC0 /* Debug */,
				55BFD0812B975FBA003CADC0 /* Release */,
			);
			defaultConfigurationIsVisible = 0;
			defaultConfigurationName = Release;
		};
/* End XCConfigurationList section */

/* Begin XCSwiftPackageProductDependency section */
		55A72CC02B97653400DA628A /* TabMicro */ = {
			isa = XCSwiftPackageProductDependency;
			productName = TabMicro;
		};
/* End XCSwiftPackageProductDependency section */
	};
	rootObject = 55BFD04C2B975FB9003CADC0 /* Project object */;
}
